
Microsoft Visual Studio Solution File, Format Version 12.00
# Visual Studio Version 17
VisualStudioVersion = 17.9.34616.47
MinimumVisualStudioVersion = 10.0.40219.1
Project("{FAE04EC0-301F-11D3-BF4B-00C04F79EFBC}") = "MauiNewsApp", "MauiNewsApp\MauiNewsApp.csproj", "{6630C56E-D071-4C69-9FAC-4B7A6AE1D4FB}"
EndProject
Global
	GlobalSection(SolutionConfigurationPlatforms) = preSolution
		Debug|Any CPU = Debug|Any CPU
		Release|Any CPU = Release|Any CPU
	EndGlobalSection
	GlobalSection(ProjectConfigurationPlatforms) = postSolution
		{6630C56E-D071-4C69-9FAC-4B7A6AE1D4FB}.Debug|Any CPU.ActiveCfg = Debug|Any CPU
		{6630C56E-D071-4C69-9FAC-4B7A6AE1D4FB}.Debug|Any CPU.Build.0 = Debug|Any CPU
		{6630C56E-D071-4C69-9FAC-4B7A6AE1D4FB}.Debug|Any CPU.Deploy.0 = Debug|Any CPU
		{6630C56E-D071-4C69-9FAC-4B7A6AE1D4FB}.Release|Any CPU.ActiveCfg = Release|Any CPU
		{6630C56E-D071-4C69-9FAC-4B7A6AE1D4FB}.Release|Any CPU.Build.0 = Release|Any CPU
		{6630C56E-D071-4C69-9FAC-4B7A6AE1D4FB}.Release|Any CPU.Deploy.0 = Release|Any CPU
	EndGlobalSection
	GlobalSection(SolutionProperties) = preSolution
		HideSolutionNode = FALSE
	EndGlobalSection
	GlobalSection(ExtensibilityGlobals) = postSolution
		SolutionGuid = {E27D5712-F25E-4F73-BE90-6934B902F4DA}
	EndGlobalSection
EndGlobal
